
Microsoft Visual Studio Solution File, Format Version 12.00
# Visual Studio 14
VisualStudioVersion = 14.0.25420.1
MinimumVisualStudioVersion = 10.0.40219.1
Project("{E24C65DC-7377-472B-9ABA-BC803B73C61A}") = "Website", "Website\", "{7505A710-AB2A-40E1-BA16-FE810C3B57FF}"
	ProjectSection(WebsiteProperties) = preProject
		TargetFrameworkMoniker = ".NETFramework,Version%3Dv4.6"
		ProjectReferences = "{7f731255-fa83-4dbf-9e0f-c22ae4845e76}|openHistorian.XDALink.dll;"
		Debug.AspNetCompiler.VirtualPath = "/localhost_32064"
		Debug.AspNetCompiler.PhysicalPath = "Website\"
		Debug.AspNetCompiler.TargetPath = "PrecompiledWeb\localhost_32064\"
		Debug.AspNetCompiler.Updateable = "true"
		Debug.AspNetCompiler.ForceOverwrite = "true"
		Debug.AspNetCompiler.FixedNames = "false"
		Debug.AspNetCompiler.Debug = "True"
		Release.AspNetCompiler.VirtualPath = "/localhost_32064"
		Release.AspNetCompiler.PhysicalPath = "Website\"
		Release.AspNetCompiler.TargetPath = "PrecompiledWeb\localhost_32064\"
		Release.AspNetCompiler.Updateable = "true"
		Release.AspNetCompiler.ForceOverwrite = "true"
		Release.AspNetCompiler.FixedNames = "false"
		Release.AspNetCompiler.Debug = "False"
		VWDPort = "32064"
		SlnRelativePath = "Website\"
	EndProjectSection
EndProject
Project("{FAE04EC0-301F-11D3-BF4B-00C04F79EFBC}") = "openHistorian.XDALink", "openHistorian.XDALink\openHistorian.XDALink.csproj", "{7F731255-FA83-4DBF-9E0F-C22AE4845E76}"
EndProject
Global
	GlobalSection(SolutionConfigurationPlatforms) = preSolution
		Debug|Any CPU = Debug|Any CPU
		Release|Any CPU = Release|Any CPU
	EndGlobalSection
	GlobalSection(ProjectConfigurationPlatforms) = postSolution
		{7505A710-AB2A-40E1-BA16-FE810C3B57FF}.Debug|Any CPU.ActiveCfg = Debug|Any CPU
		{7505A710-AB2A-40E1-BA16-FE810C3B57FF}.Debug|Any CPU.Build.0 = Debug|Any CPU
		{7505A710-AB2A-40E1-BA16-FE810C3B57FF}.Release|Any CPU.ActiveCfg = Debug|Any CPU
		{7505A710-AB2A-40E1-BA16-FE810C3B57FF}.Release|Any CPU.Build.0 = Debug|Any CPU
		{7F731255-FA83-4DBF-9E0F-C22AE4845E76}.Debug|Any CPU.ActiveCfg = Debug|Any CPU
		{7F731255-FA83-4DBF-9E0F-C22AE4845E76}.Debug|Any CPU.Build.0 = Debug|Any CPU
		{7F731255-FA83-4DBF-9E0F-C22AE4845E76}.Release|Any CPU.ActiveCfg = Release|Any CPU
		{7F731255-FA83-4DBF-9E0F-C22AE4845E76}.Release|Any CPU.Build.0 = Release|Any CPU
	EndGlobalSection
	GlobalSection(SolutionProperties) = preSolution
		HideSolutionNode = FALSE
	EndGlobalSection
EndGlobal
